
Microsoft Visual Studio Solution File, Format Version 12.00
# Visual Studio Version 17
VisualStudioVersion = 17.11.35222.181
MinimumVisualStudioVersion = 10.0.40219.1
Project("{FAE04EC0-301F-11D3-BF4B-00C04F79EFBC}") = "ICT3101_Calculator", "ICT3101_Calculator\ICT3101_Calculator.csproj", "{92224A0C-6F8E-4270-884B-8294EE532350}"
EndProject
Project("{FAE04EC0-301F-11D3-BF4B-00C04F79EFBC}") = "ICT3101_Calculator.UnitTests", "ICT3101_Calculator.UnitTests\ICT3101_Calculator.UnitTests.csproj", "{6292DA00-D8D3-4873-ADFA-30DE656ED454}"
EndProject
Project("{FAE04EC0-301F-11D3-BF4B-00C04F79EFBC}") = "SpecFlowCalculatorTests", "SpecFlowCalculatorTests\SpecFlowCalculatorTests.csproj", "{CFC8184F-DB17-4A13-9A1E-494B6B1370E3}"
EndProject
Global
	GlobalSection(SolutionConfigurationPlatforms) = preSolution
		Debug|Any CPU = Debug|Any CPU
		Release|Any CPU = Release|Any CPU
	EndGlobalSection
	GlobalSection(ProjectConfigurationPlatforms) = postSolution
		{92224A0C-6F8E-4270-884B-8294EE532350}.Debug|Any CPU.ActiveCfg = Debug|Any CPU
		{92224A0C-6F8E-4270-884B-8294EE532350}.Debug|Any CPU.Build.0 = Debug|Any CPU
		{92224A0C-6F8E-4270-884B-8294EE532350}.Release|Any CPU.ActiveCfg = Release|Any CPU
		{92224A0C-6F8E-4270-884B-8294EE532350}.Release|Any CPU.Build.0 = Release|Any CPU
		{6292DA00-D8D3-4873-ADFA-30DE656ED454}.Debug|Any CPU.ActiveCfg = Debug|Any CPU
		{6292DA00-D8D3-4873-ADFA-30DE656ED454}.Debug|Any CPU.Build.0 = Debug|Any CPU
		{6292DA00-D8D3-4873-ADFA-30DE656ED454}.Release|Any CPU.ActiveCfg = Release|Any CPU
		{6292DA00-D8D3-4873-ADFA-30DE656ED454}.Release|Any CPU.Build.0 = Release|Any CPU
		{CFC8184F-DB17-4A13-9A1E-494B6B1370E3}.Debug|Any CPU.ActiveCfg = Debug|Any CPU
		{CFC8184F-DB17-4A13-9A1E-494B6B1370E3}.Debug|Any CPU.Build.0 = Debug|Any CPU
		{CFC8184F-DB17-4A13-9A1E-494B6B1370E3}.Release|Any CPU.ActiveCfg = Release|Any CPU
		{CFC8184F-DB17-4A13-9A1E-494B6B1370E3}.Release|Any CPU.Build.0 = Release|Any CPU
	EndGlobalSection
	GlobalSection(SolutionProperties) = preSolution
		HideSolutionNode = FALSE
	EndGlobalSection
	GlobalSection(ExtensibilityGlobals) = postSolution
		SolutionGuid = {945E2745-7839-4934-9623-A7C64E6565C1}
	EndGlobalSection
EndGlobal
